
Microsoft Visual Studio Solution File, Format Version 12.00
# Visual Studio Version 16
VisualStudioVersion = 16.0.31410.357
MinimumVisualStudioVersion = 10.0.40219.1
Project("{FAE04EC0-301F-11D3-BF4B-00C04F79EFBC}") = "HashTable(ClosedAddress)", "HashTable(ClosedAddress).csproj", "{892D6003-7560-4459-935C-A250C660DFCE}"
EndProject
Global
	GlobalSection(SolutionConfigurationPlatforms) = preSolution
		Debug|Any CPU = Debug|Any CPU
		Release|Any CPU = Release|Any CPU
	EndGlobalSection
	GlobalSection(ProjectConfigurationPlatforms) = postSolution
		{892D6003-7560-4459-935C-A250C660DFCE}.Debug|Any CPU.ActiveCfg = Debug|Any CPU
		{892D6003-7560-4459-935C-A250C660DFCE}.Debug|Any CPU.Build.0 = Debug|Any CPU
		{892D6003-7560-4459-935C-A250C660DFCE}.Release|Any CPU.ActiveCfg = Release|Any CPU
		{892D6003-7560-4459-935C-A250C660DFCE}.Release|Any CPU.Build.0 = Release|Any CPU
	EndGlobalSection
	GlobalSection(SolutionProperties) = preSolution
		HideSolutionNode = FALSE
	EndGlobalSection
	GlobalSection(ExtensibilityGlobals) = postSolution
		SolutionGuid = {5AD6DBFE-CE0C-401B-A060-30463EAF4FBE}
	EndGlobalSection
EndGlobal
